
Microsoft Visual Studio Solution File, Format Version 12.00
# Visual Studio Version 16
VisualStudioVersion = 16.0.30225.117
MinimumVisualStudioVersion = 10.0.40219.1
Project("{9A19103F-16F7-4668-BE54-9A1E7A4F7556}") = "AkkaDotModule", "AkkaDotModule\AkkaDotModule.csproj", "{0109FF0B-5148-4EB8-8936-990BA65CDBF5}"
EndProject
Project("{2150E333-8FDC-42A3-9474-1A3956D46DE8}") = "Solution Items", "Solution Items", "{74C14D6F-2E82-465A-B603-2B48BBD2D646}"
	ProjectSection(SolutionItems) = preProject
		.editorconfig = .editorconfig
		AKKAUSING.md = AKKAUSING.md
		BATCH.md = BATCH.md
		DOCKER.md = DOCKER.md
		.github\workflows\dotnet-core-app.yml = .github\workflows\dotnet-core-app.yml
		.github\workflows\dotnet-core.yml = .github\workflows\dotnet-core.yml
		NUGET.md = NUGET.md
		README.md = README.md
	EndProjectSection
EndProject
Project("{9A19103F-16F7-4668-BE54-9A1E7A4F7556}") = "TestAkkaDotModule", "TestAkkaDotModule\TestAkkaDotModule.csproj", "{C696446B-0F53-4210-904B-024ABDC2FE22}"
EndProject
Project("{9A19103F-16F7-4668-BE54-9A1E7A4F7556}") = "AkkaDotBootApi", "AkkaDotBootApi\AkkaDotBootApi.csproj", "{FE2EF1A7-08AC-4142-BD71-BD9E9FCE09ED}"
EndProject
Project("{E53339B2-1760-4266-BCC7-CA923CBCF16C}") = "docker-compose-infra", "Compose\docker-compose-infra.dcproj", "{A325C35E-28E0-43CE-B28F-516DC1568E18}"
EndProject
Project("{2150E333-8FDC-42A3-9474-1A3956D46DE8}") = "Doc", "Doc", "{DBE1C7C4-4B4B-48C0-8643-542EE6091F15}"
	ProjectSection(SolutionItems) = preProject
		Doc\Dispatcher.md = Doc\Dispatcher.md
		Doc\DotCoreApiWithAkka.pptx = Doc\DotCoreApiWithAkka.pptx
		Doc\EventSourcing.md = Doc\EventSourcing.md
		Doc\MessageDeivery.md = Doc\MessageDeivery.md
		Doc\Monitoring.md = Doc\Monitoring.md
		Doc\Router.md = Doc\Router.md
	EndProjectSection
EndProject
Global
	GlobalSection(SolutionConfigurationPlatforms) = preSolution
		Debug|Any CPU = Debug|Any CPU
		Release|Any CPU = Release|Any CPU
	EndGlobalSection
	GlobalSection(ProjectConfigurationPlatforms) = postSolution
		{0109FF0B-5148-4EB8-8936-990BA65CDBF5}.Debug|Any CPU.ActiveCfg = Debug|Any CPU
		{0109FF0B-5148-4EB8-8936-990BA65CDBF5}.Debug|Any CPU.Build.0 = Debug|Any CPU
		{0109FF0B-5148-4EB8-8936-990BA65CDBF5}.Release|Any CPU.ActiveCfg = Release|Any CPU
		{0109FF0B-5148-4EB8-8936-990BA65CDBF5}.Release|Any CPU.Build.0 = Release|Any CPU
		{C696446B-0F53-4210-904B-024ABDC2FE22}.Debug|Any CPU.ActiveCfg = Debug|Any CPU
		{C696446B-0F53-4210-904B-024ABDC2FE22}.Debug|Any CPU.Build.0 = Debug|Any CPU
		{C696446B-0F53-4210-904B-024ABDC2FE22}.Release|Any CPU.ActiveCfg = Release|Any CPU
		{C696446B-0F53-4210-904B-024ABDC2FE22}.Release|Any CPU.Build.0 = Release|Any CPU
		{FE2EF1A7-08AC-4142-BD71-BD9E9FCE09ED}.Debug|Any CPU.ActiveCfg = Debug|Any CPU
		{FE2EF1A7-08AC-4142-BD71-BD9E9FCE09ED}.Debug|Any CPU.Build.0 = Debug|Any CPU
		{FE2EF1A7-08AC-4142-BD71-BD9E9FCE09ED}.Release|Any CPU.ActiveCfg = Release|Any CPU
		{FE2EF1A7-08AC-4142-BD71-BD9E9FCE09ED}.Release|Any CPU.Build.0 = Release|Any CPU
		{A325C35E-28E0-43CE-B28F-516DC1568E18}.Debug|Any CPU.ActiveCfg = Debug|Any CPU
		{A325C35E-28E0-43CE-B28F-516DC1568E18}.Debug|Any CPU.Build.0 = Debug|Any CPU
		{A325C35E-28E0-43CE-B28F-516DC1568E18}.Release|Any CPU.ActiveCfg = Release|Any CPU
		{A325C35E-28E0-43CE-B28F-516DC1568E18}.Release|Any CPU.Build.0 = Release|Any CPU
	EndGlobalSection
	GlobalSection(SolutionProperties) = preSolution
		HideSolutionNode = FALSE
	EndGlobalSection
	GlobalSection(NestedProjects) = preSolution
		{DBE1C7C4-4B4B-48C0-8643-542EE6091F15} = {74C14D6F-2E82-465A-B603-2B48BBD2D646}
	EndGlobalSection
	GlobalSection(ExtensibilityGlobals) = postSolution
		SolutionGuid = {8A418874-08BB-4BA1-8565-A15BBC1D12AE}
	EndGlobalSection
EndGlobal
